
Microsoft Visual Studio Solution File, Format Version 12.00
# Visual Studio Version 16
VisualStudioVersion = 16.0.31129.286
MinimumVisualStudioVersion = 10.0.40219.1
Project("{2150E333-8FDC-42A3-9474-1A3956D46DE8}") = "Services", "Services", "{B61E644E-72C2-42DB-AF9A-38B25A0A75F6}"
EndProject
Project("{2150E333-8FDC-42A3-9474-1A3956D46DE8}") = "Catalog", "Catalog", "{964CFC58-9094-4F6C-A29E-1357DE7D990C}"
EndProject
Project("{9A19103F-16F7-4668-BE54-9A1E7A4F7556}") = "Catalog.API", "Services\Catalog\Catalog.API\Catalog.API.csproj", "{ACAC7019-4210-47BF-828B-1DC7144CD453}"
EndProject
Project("{E53339B2-1760-4266-BCC7-CA923CBCF16C}") = "docker-compose", "docker-compose.dcproj", "{AAF72391-1187-4181-B556-2560A7D008B8}"
EndProject
Global
	GlobalSection(SolutionConfigurationPlatforms) = preSolution
		Debug|Any CPU = Debug|Any CPU
		Release|Any CPU = Release|Any CPU
	EndGlobalSection
	GlobalSection(ProjectConfigurationPlatforms) = postSolution
		{ACAC7019-4210-47BF-828B-1DC7144CD453}.Debug|Any CPU.ActiveCfg = Debug|Any CPU
		{ACAC7019-4210-47BF-828B-1DC7144CD453}.Debug|Any CPU.Build.0 = Debug|Any CPU
		{ACAC7019-4210-47BF-828B-1DC7144CD453}.Release|Any CPU.ActiveCfg = Release|Any CPU
		{ACAC7019-4210-47BF-828B-1DC7144CD453}.Release|Any CPU.Build.0 = Release|Any CPU
		{AAF72391-1187-4181-B556-2560A7D008B8}.Debug|Any CPU.ActiveCfg = Debug|Any CPU
		{AAF72391-1187-4181-B556-2560A7D008B8}.Debug|Any CPU.Build.0 = Debug|Any CPU
		{AAF72391-1187-4181-B556-2560A7D008B8}.Release|Any CPU.ActiveCfg = Release|Any CPU
		{AAF72391-1187-4181-B556-2560A7D008B8}.Release|Any CPU.Build.0 = Release|Any CPU
	EndGlobalSection
	GlobalSection(SolutionProperties) = preSolution
		HideSolutionNode = FALSE
	EndGlobalSection
	GlobalSection(NestedProjects) = preSolution
		{964CFC58-9094-4F6C-A29E-1357DE7D990C} = {B61E644E-72C2-42DB-AF9A-38B25A0A75F6}
		{ACAC7019-4210-47BF-828B-1DC7144CD453} = {964CFC58-9094-4F6C-A29E-1357DE7D990C}
	EndGlobalSection
	GlobalSection(ExtensibilityGlobals) = postSolution
		SolutionGuid = {16175434-AD03-4FC5-9E7B-C51C83B7324A}
	EndGlobalSection
EndGlobal
